
Microsoft Visual Studio Solution File, Format Version 12.00
# Visual Studio Version 16
VisualStudioVersion = 16.0.30523.141
MinimumVisualStudioVersion = 10.0.40219.1
Project("{FAE04EC0-301F-11D3-BF4B-00C04F79EFBC}") = "Secheli_Stefania_Lab10", "Secheli_Stefania_Lab10.csproj", "{E3098259-2C17-4FAF-922B-0769988765FA}"
EndProject
Project("{FAE04EC0-301F-11D3-BF4B-00C04F79EFBC}") = "gRPCClient", "..\gRPCClient\gRPCClient.csproj", "{38C75EE4-97A1-4000-BB9F-6809EE613E15}"
EndProject
Global
	GlobalSection(SolutionConfigurationPlatforms) = preSolution
		Debug|Any CPU = Debug|Any CPU
		Release|Any CPU = Release|Any CPU
	EndGlobalSection
	GlobalSection(ProjectConfigurationPlatforms) = postSolution
		{E3098259-2C17-4FAF-922B-0769988765FA}.Debug|Any CPU.ActiveCfg = Debug|Any CPU
		{E3098259-2C17-4FAF-922B-0769988765FA}.Debug|Any CPU.Build.0 = Debug|Any CPU
		{E3098259-2C17-4FAF-922B-0769988765FA}.Release|Any CPU.ActiveCfg = Release|Any CPU
		{E3098259-2C17-4FAF-922B-0769988765FA}.Release|Any CPU.Build.0 = Release|Any CPU
		{38C75EE4-97A1-4000-BB9F-6809EE613E15}.Debug|Any CPU.ActiveCfg = Debug|Any CPU
		{38C75EE4-97A1-4000-BB9F-6809EE613E15}.Debug|Any CPU.Build.0 = Debug|Any CPU
		{38C75EE4-97A1-4000-BB9F-6809EE613E15}.Release|Any CPU.ActiveCfg = Release|Any CPU
		{38C75EE4-97A1-4000-BB9F-6809EE613E15}.Release|Any CPU.Build.0 = Release|Any CPU
	EndGlobalSection
	GlobalSection(SolutionProperties) = preSolution
		HideSolutionNode = FALSE
	EndGlobalSection
	GlobalSection(ExtensibilityGlobals) = postSolution
		SolutionGuid = {A609528C-1C6E-489D-8913-DEEB7A3E90CA}
	EndGlobalSection
EndGlobal
